
Microsoft Visual Studio Solution File, Format Version 12.00
# Visual Studio Version 16
VisualStudioVersion = 16.0.33130.400
MinimumVisualStudioVersion = 10.0.40219.1
Project("{9A19103F-16F7-4668-BE54-9A1E7A4F7556}") = "ChatServer", "ChatServer\ChatServer.csproj", "{BFD93BCA-4FF1-47F7-980A-79F04CE9F8D7}"
EndProject
Global
	GlobalSection(SolutionConfigurationPlatforms) = preSolution
		Debug|Any CPU = Debug|Any CPU
		Release|Any CPU = Release|Any CPU
	EndGlobalSection
	GlobalSection(ProjectConfigurationPlatforms) = postSolution
		{BFD93BCA-4FF1-47F7-980A-79F04CE9F8D7}.Debug|Any CPU.ActiveCfg = Debug|Any CPU
		{BFD93BCA-4FF1-47F7-980A-79F04CE9F8D7}.Debug|Any CPU.Build.0 = Debug|Any CPU
		{BFD93BCA-4FF1-47F7-980A-79F04CE9F8D7}.Release|Any CPU.ActiveCfg = Release|Any CPU
		{BFD93BCA-4FF1-47F7-980A-79F04CE9F8D7}.Release|Any CPU.Build.0 = Release|Any CPU
	EndGlobalSection
	GlobalSection(SolutionProperties) = preSolution
		HideSolutionNode = FALSE
	EndGlobalSection
	GlobalSection(ExtensibilityGlobals) = postSolution
		SolutionGuid = {A59EC243-5608-49A4-A89D-F0FADB3955CC}
	EndGlobalSection
EndGlobal
